// !$*UTF8*$!
{
	archiveVersion = 1;
	classes = {
	};
	objectVersion = 55;
	objects = {

/* Begin PBXBuildFile section */
		1F2F5AED2821A5AF005A00F9 /* DisplayBuildingViewController.swift in Sources */ = {isa = PBXBuildFile; fileRef = 1F2F5AEC2821A5AF005A00F9 /* DisplayBuildingViewController.swift */; };
		45D44BD530220C96545BDE84 /* Pods_Access.framework in Frameworks */ = {isa = PBXBuildFile; fileRef = C21E992659E72D046E4FD6B7 /* Pods_Access.framework */; };
		9233CC5B2817585100443F6C /* AppDelegate.swift in Sources */ = {isa = PBXBuildFile; fileRef = 9233CC5A2817585100443F6C /* AppDelegate.swift */; };
		9233CC5D2817585100443F6C /* SceneDelegate.swift in Sources */ = {isa = PBXBuildFile; fileRef = 9233CC5C2817585100443F6C /* SceneDelegate.swift */; };
		9233CC5F2817585100443F6C /* ViewController.swift in Sources */ = {isa = PBXBuildFile; fileRef = 9233CC5E2817585100443F6C /* ViewController.swift */; };
		9233CC622817585100443F6C /* Main.storyboard in Resources */ = {isa = PBXBuildFile; fileRef = 9233CC602817585100443F6C /* Main.storyboard */; };
		9233CC642817585300443F6C /* Assets.xcassets in Resources */ = {isa = PBXBuildFile; fileRef = 9233CC632817585300443F6C /* Assets.xcassets */; };
		9233CC672817585300443F6C /* LaunchScreen.storyboard in Resources */ = {isa = PBXBuildFile; fileRef = 9233CC652817585300443F6C /* LaunchScreen.storyboard */; };
		9233CC722817585300443F6C /* AccessTests.swift in Sources */ = {isa = PBXBuildFile; fileRef = 9233CC712817585300443F6C /* AccessTests.swift */; };
		9233CC7C2817585300443F6C /* AccessUITests.swift in Sources */ = {isa = PBXBuildFile; fileRef = 9233CC7B2817585300443F6C /* AccessUITests.swift */; };
		9233CC7E2817585300443F6C /* AccessUITestsLaunchTests.swift in Sources */ = {isa = PBXBuildFile; fileRef = 9233CC7D2817585300443F6C /* AccessUITestsLaunchTests.swift */; };
		9233CC8B2819E7F900443F6C /* SignUpViewController.swift in Sources */ = {isa = PBXBuildFile; fileRef = 9233CC8A2819E7F900443F6C /* SignUpViewController.swift */; };
		CFA2C042FA78FADD39F9D60B /* Pods_AccessTests.framework in Frameworks */ = {isa = PBXBuildFile; fileRef = ADE18B357F93A50ED965C667 /* Pods_AccessTests.framework */; };
		D14CCBC72820F11800FD7515 /* DisplayViewController.swift in Sources */ = {isa = PBXBuildFile; fileRef = D14CCBC62820F11800FD7515 /* DisplayViewController.swift */; };
		DCCE5E3DE3132FDCEF566C24 /* Pods_Access_AccessUITests.framework in Frameworks */ = {isa = PBXBuildFile; fileRef = 405E017299716AF783F5A627 /* Pods_Access_AccessUITests.framework */; };
/* End PBXBuildFile section */

/* Begin PBXContainerItemProxy section */
		9233CC6E2817585300443F6C /* PBXContainerItemProxy */ = {
			isa = PBXContainerItemProxy;
			containerPortal = 9233CC4F2817585100443F6C /* Project object */;
			proxyType = 1;
			remoteGlobalIDString = 9233CC562817585100443F6C;
			remoteInfo = Access;
		};
		9233CC782817585300443F6C /* PBXContainerItemProxy */ = {
			isa = PBXContainerItemProxy;
			containerPortal = 9233CC4F2817585100443F6C /* Project object */;
			proxyType = 1;
			remoteGlobalIDString = 9233CC562817585100443F6C;
			remoteInfo = Access;
		};
/* End PBXContainerItemProxy section */

/* Begin PBXFileReference section */
		1F2F5AEC2821A5AF005A00F9 /* DisplayBuildingViewController.swift */ = {isa = PBXFileReference; lastKnownFileType = sourcecode.swift; path = DisplayBuildingViewController.swift; sourceTree = "<group>"; };
		39893EF05F584B8D5CB84652 /* Pods-Access.debug.xcconfig */ = {isa = PBXFileReference; includeInIndex = 1; lastKnownFileType = text.xcconfig; name = "Pods-Access.debug.xcconfig"; path = "Target Support Files/Pods-Access/Pods-Access.debug.xcconfig"; sourceTree = "<group>"; };
		3A4A575A6EC518915619345C /* Pods-AccessTests.release.xcconfig */ = {isa = PBXFileReference; includeInIndex = 1; lastKnownFileType = text.xcconfig; name = "Pods-AccessTests.release.xcconfig"; path = "Target Support Files/Pods-AccessTests/Pods-AccessTests.release.xcconfig"; sourceTree = "<group>"; };
		405E017299716AF783F5A627 /* Pods_Access_AccessUITests.framework */ = {isa = PBXFileReference; explicitFileType = wrapper.framework; includeInIndex = 0; path = Pods_Access_AccessUITests.framework; sourceTree = BUILT_PRODUCTS_DIR; };
		62A6EB6DAFC405B7F60D076B /* Pods-Access-AccessUITests.debug.xcconfig */ = {isa = PBXFileReference; includeInIndex = 1; lastKnownFileType = text.xcconfig; name = "Pods-Access-AccessUITests.debug.xcconfig"; path = "Target Support Files/Pods-Access-AccessUITests/Pods-Access-AccessUITests.debug.xcconfig"; sourceTree = "<group>"; };
		6FADB05C7448D1AA8604912D /* Pods-Access-AccessUITests.release.xcconfig */ = {isa = PBXFileReference; includeInIndex = 1; lastKnownFileType = text.xcconfig; name = "Pods-Access-AccessUITests.release.xcconfig"; path = "Target Support Files/Pods-Access-AccessUITests/Pods-Access-AccessUITests.release.xcconfig"; sourceTree = "<group>"; };
		9233CC572817585100443F6C /* Access.app */ = {isa = PBXFileReference; explicitFileType = wrapper.application; includeInIndex = 0; path = Access.app; sourceTree = BUILT_PRODUCTS_DIR; };
		9233CC5A2817585100443F6C /* AppDelegate.swift */ = {isa = PBXFileReference; lastKnownFileType = sourcecode.swift; path = AppDelegate.swift; sourceTree = "<group>"; };
		9233CC5C2817585100443F6C /* SceneDelegate.swift */ = {isa = PBXFileReference; lastKnownFileType = sourcecode.swift; path = SceneDelegate.swift; sourceTree = "<group>"; };
		9233CC5E2817585100443F6C /* ViewController.swift */ = {isa = PBXFileReference; lastKnownFileType = sourcecode.swift; path = ViewController.swift; sourceTree = "<group>"; };
		9233CC612817585100443F6C /* Base */ = {isa = PBXFileReference; lastKnownFileType = file.storyboard; name = Base; path = Base.lproj/Main.storyboard; sourceTree = "<group>"; };
		9233CC632817585300443F6C /* Assets.xcassets */ = {isa = PBXFileReference; lastKnownFileType = folder.assetcatalog; path = Assets.xcassets; sourceTree = "<group>"; };
		9233CC662817585300443F6C /* Base */ = {isa = PBXFileReference; lastKnownFileType = file.storyboard; name = Base; path = Base.lproj/LaunchScreen.storyboard; sourceTree = "<group>"; };
		9233CC682817585300443F6C /* Info.plist */ = {isa = PBXFileReference; lastKnownFileType = text.plist.xml; path = Info.plist; sourceTree = "<group>"; };
		9233CC6D2817585300443F6C /* AccessTests.xctest */ = {isa = PBXFileReference; explicitFileType = wrapper.cfbundle; includeInIndex = 0; path = AccessTests.xctest; sourceTree = BUILT_PRODUCTS_DIR; };
		9233CC712817585300443F6C /* AccessTests.swift */ = {isa = PBXFileReference; lastKnownFileType = sourcecode.swift; path = AccessTests.swift; sourceTree = "<group>"; };
		9233CC772817585300443F6C /* AccessUITests.xctest */ = {isa = PBXFileReference; explicitFileType = wrapper.cfbundle; includeInIndex = 0; path = AccessUITests.xctest; sourceTree = BUILT_PRODUCTS_DIR; };
		9233CC7B2817585300443F6C /* AccessUITests.swift */ = {isa = PBXFileReference; lastKnownFileType = sourcecode.swift; path = AccessUITests.swift; sourceTree = "<group>"; };
		9233CC7D2817585300443F6C /* AccessUITestsLaunchTests.swift */ = {isa = PBXFileReference; lastKnownFileType = sourcecode.swift; path = AccessUITestsLaunchTests.swift; sourceTree = "<group>"; };
		9233CC8A2819E7F900443F6C /* SignUpViewController.swift */ = {isa = PBXFileReference; lastKnownFileType = sourcecode.swift; path = SignUpViewController.swift; sourceTree = "<group>"; };
		ADE18B357F93A50ED965C667 /* Pods_AccessTests.framework */ = {isa = PBXFileReference; explicitFileType = wrapper.framework; includeInIndex = 0; path = Pods_AccessTests.framework; sourceTree = BUILT_PRODUCTS_DIR; };
		C21E992659E72D046E4FD6B7 /* Pods_Access.framework */ = {isa = PBXFileReference; explicitFileType = wrapper.framework; includeInIndex = 0; path = Pods_Access.framework; sourceTree = BUILT_PRODUCTS_DIR; };
		CFD260B03A7B720959FF4500 /* Pods-AccessTests.debug.xcconfig */ = {isa = PBXFileReference; includeInIndex = 1; lastKnownFileType = text.xcconfig; name = "Pods-AccessTests.debug.xcconfig"; path = "Target Support Files/Pods-AccessTests/Pods-AccessTests.debug.xcconfig"; sourceTree = "<group>"; };
		D0643DFEA73212D337DDEF60 /* Pods-Access.release.xcconfig */ = {isa = PBXFileReference; includeInIndex = 1; lastKnownFileType = text.xcconfig; name = "Pods-Access.release.xcconfig"; path = "Target Support Files/Pods-Access/Pods-Access.release.xcconfig"; sourceTree = "<group>"; };
		D14CCBC62820F11800FD7515 /* DisplayViewController.swift */ = {isa = PBXFileReference; lastKnownFileType = sourcecode.swift; path = DisplayViewController.swift; sourceTree = "<group>"; };
/* End PBXFileReference section */

/* Begin PBXFrameworksBuildPhase section */
		9233CC542817585100443F6C /* Frameworks */ = {
			isa = PBXFrameworksBuildPhase;
			buildActionMask = 2147483647;
			files = (
				45D44BD530220C96545BDE84 /* Pods_Access.framework in Frameworks */,
			);
			runOnlyForDeploymentPostprocessing = 0;
		};
		9233CC6A2817585300443F6C /* Frameworks */ = {
			isa = PBXFrameworksBuildPhase;
			buildActionMask = 2147483647;
			files = (
				CFA2C042FA78FADD39F9D60B /* Pods_AccessTests.framework in Frameworks */,
			);
			runOnlyForDeploymentPostprocessing = 0;
		};
		9233CC742817585300443F6C /* Frameworks */ = {
			isa = PBXFrameworksBuildPhase;
			buildActionMask = 2147483647;
			files = (
				DCCE5E3DE3132FDCEF566C24 /* Pods_Access_AccessUITests.framework in Frameworks */,
			);
			runOnlyForDeploymentPostprocessing = 0;
		};
/* End PBXFrameworksBuildPhase section */

/* Begin PBXGroup section */
		353B6CE7FB4263CF1AABBF65 /* Frameworks */ = {
			isa = PBXGroup;
			children = (
				C21E992659E72D046E4FD6B7 /* Pods_Access.framework */,
				405E017299716AF783F5A627 /* Pods_Access_AccessUITests.framework */,
				ADE18B357F93A50ED965C667 /* Pods_AccessTests.framework */,
			);
			name = Frameworks;
			sourceTree = "<group>";
		};
		6A9D1C181C7C8A4DB837A27A /* Pods */ = {
			isa = PBXGroup;
			children = (
				39893EF05F584B8D5CB84652 /* Pods-Access.debug.xcconfig */,
				D0643DFEA73212D337DDEF60 /* Pods-Access.release.xcconfig */,
				62A6EB6DAFC405B7F60D076B /* Pods-Access-AccessUITests.debug.xcconfig */,
				6FADB05C7448D1AA8604912D /* Pods-Access-AccessUITests.release.xcconfig */,
				CFD260B03A7B720959FF4500 /* Pods-AccessTests.debug.xcconfig */,
				3A4A575A6EC518915619345C /* Pods-AccessTests.release.xcconfig */,
			);
			path = Pods;
			sourceTree = "<group>";
		};
		9233CC4E2817585100443F6C = {
			isa = PBXGroup;
			children = (
				9233CC592817585100443F6C /* Access */,
				9233CC702817585300443F6C /* AccessTests */,
				9233CC7A2817585300443F6C /* AccessUITests */,
				9233CC582817585100443F6C /* Products */,
				6A9D1C181C7C8A4DB837A27A /* Pods */,
				353B6CE7FB4263CF1AABBF65 /* Frameworks */,
			);
			sourceTree = "<group>";
		};
		9233CC582817585100443F6C /* Products */ = {
			isa = PBXGroup;
			children = (
				9233CC572817585100443F6C /* Access.app */,
				9233CC6D2817585300443F6C /* AccessTests.xctest */,
				9233CC772817585300443F6C /* AccessUITests.xctest */,
			);
			name = Products;
			sourceTree = "<group>";
		};
		9233CC592817585100443F6C /* Access */ = {
			isa = PBXGroup;
			children = (
				9233CC5A2817585100443F6C /* AppDelegate.swift */,
				9233CC5C2817585100443F6C /* SceneDelegate.swift */,
				9233CC5E2817585100443F6C /* ViewController.swift */,
				9233CC602817585100443F6C /* Main.storyboard */,
				D14CCBC62820F11800FD7515 /* DisplayViewController.swift */,
				9233CC632817585300443F6C /* Assets.xcassets */,
				9233CC652817585300443F6C /* LaunchScreen.storyboard */,
				9233CC682817585300443F6C /* Info.plist */,
				9233CC8A2819E7F900443F6C /* SignUpViewController.swift */,
				1F2F5AEC2821A5AF005A00F9 /* DisplayBuildingViewController.swift */,
			);
			path = Access;
			sourceTree = "<group>";
		};
		9233CC702817585300443F6C /* AccessTests */ = {
			isa = PBXGroup;
			children = (
				9233CC712817585300443F6C /* AccessTests.swift */,
			);
			path = AccessTests;
			sourceTree = "<group>";
		};
		9233CC7A2817585300443F6C /* AccessUITests */ = {
			isa = PBXGroup;
			children = (
				9233CC7B2817585300443F6C /* AccessUITests.swift */,
				9233CC7D2817585300443F6C /* AccessUITestsLaunchTests.swift */,
			);
			path = AccessUITests;
			sourceTree = "<group>";
		};
/* End PBXGroup section */

/* Begin PBXNativeTarget section */
		9233CC562817585100443F6C /* Access */ = {
			isa = PBXNativeTarget;
			buildConfigurationList = 9233CC812817585300443F6C /* Build configuration list for PBXNativeTarget "Access" */;
			buildPhases = (
				501304FF655B2A320AB82600 /* [CP] Check Pods Manifest.lock */,
				9233CC532817585100443F6C /* Sources */,
				9233CC542817585100443F6C /* Frameworks */,
				9233CC552817585100443F6C /* Resources */,
				395D0CD11F5C7B302985C009 /* [CP] Embed Pods Frameworks */,
			);
			buildRules = (
			);
			dependencies = (
			);
			name = Access;
			productName = Access;
			productReference = 9233CC572817585100443F6C /* Access.app */;
			productType = "com.apple.product-type.application";
		};
		9233CC6C2817585300443F6C /* AccessTests */ = {
			isa = PBXNativeTarget;
			buildConfigurationList = 9233CC842817585300443F6C /* Build configuration list for PBXNativeTarget "AccessTests" */;
			buildPhases = (
				7D9021CC777FA4DC9C7FC3E5 /* [CP] Check Pods Manifest.lock */,
				9233CC692817585300443F6C /* Sources */,
				9233CC6A2817585300443F6C /* Frameworks */,
				9233CC6B2817585300443F6C /* Resources */,
			);
			buildRules = (
			);
			dependencies = (
				9233CC6F2817585300443F6C /* PBXTargetDependency */,
			);
			name = AccessTests;
			productName = AccessTests;
			productReference = 9233CC6D2817585300443F6C /* AccessTests.xctest */;
			productType = "com.apple.product-type.bundle.unit-test";
		};
		9233CC762817585300443F6C /* AccessUITests */ = {
			isa = PBXNativeTarget;
			buildConfigurationList = 9233CC872817585300443F6C /* Build configuration list for PBXNativeTarget "AccessUITests" */;
			buildPhases = (
				1B69D5C5444D12BC0C334265 /* [CP] Check Pods Manifest.lock */,
				9233CC732817585300443F6C /* Sources */,
				9233CC742817585300443F6C /* Frameworks */,
				9233CC752817585300443F6C /* Resources */,
				F9D422C5BB070DB786E60E1D /* [CP] Embed Pods Frameworks */,
			);
			buildRules = (
			);
			dependencies = (
				9233CC792817585300443F6C /* PBXTargetDependency */,
			);
			name = AccessUITests;
			productName = AccessUITests;
			productReference = 9233CC772817585300443F6C /* AccessUITests.xctest */;
			productType = "com.apple.product-type.bundle.ui-testing";
		};
/* End PBXNativeTarget section */

/* Begin PBXProject section */
		9233CC4F2817585100443F6C /* Project object */ = {
			isa = PBXProject;
			attributes = {
				BuildIndependentTargetsInParallel = 1;
				LastSwiftUpdateCheck = 1330;
				LastUpgradeCheck = 1330;
				TargetAttributes = {
					9233CC562817585100443F6C = {
						CreatedOnToolsVersion = 13.3;
					};
					9233CC6C2817585300443F6C = {
						CreatedOnToolsVersion = 13.3;
						TestTargetID = 9233CC562817585100443F6C;
					};
					9233CC762817585300443F6C = {
						CreatedOnToolsVersion = 13.3;
						TestTargetID = 9233CC562817585100443F6C;
					};
				};
			};
			buildConfigurationList = 9233CC522817585100443F6C /* Build configuration list for PBXProject "Access" */;
			compatibilityVersion = "Xcode 13.0";
			developmentRegion = en;
			hasScannedForEncodings = 0;
			knownRegions = (
				en,
				Base,
			);
			mainGroup = 9233CC4E2817585100443F6C;
			productRefGroup = 9233CC582817585100443F6C /* Products */;
			projectDirPath = "";
			projectRoot = "";
			targets = (
				9233CC562817585100443F6C /* Access */,
				9233CC6C2817585300443F6C /* AccessTests */,
				9233CC762817585300443F6C /* AccessUITests */,
			);
		};
/* End PBXProject section */

/* Begin PBXResourcesBuildPhase section */
		9233CC552817585100443F6C /* Resources */ = {
			isa = PBXResourcesBuildPhase;
			buildActionMask = 2147483647;
			files = (
				9233CC672817585300443F6C /* LaunchScreen.storyboard in Resources */,
				9233CC642817585300443F6C /* Assets.xcassets in Resources */,
				9233CC622817585100443F6C /* Main.storyboard in Resources */,
			);
			runOnlyForDeploymentPostprocessing = 0;
		};
		9233CC6B2817585300443F6C /* Resources */ = {
			isa = PBXResourcesBuildPhase;
			buildActionMask = 2147483647;
			files = (
			);
			runOnlyForDeploymentPostprocessing = 0;
		};
		9233CC752817585300443F6C /* Resources */ = {
			isa = PBXResourcesBuildPhase;
			buildActionMask = 2147483647;
			files = (
			);
			runOnlyForDeploymentPostprocessing = 0;
		};
/* End PBXResourcesBuildPhase section */

/* Begin PBXShellScriptBuildPhase section */
		1B69D5C5444D12BC0C334265 /* [CP] Check Pods Manifest.lock */ = {
			isa = PBXShellScriptBuildPhase;
			buildActionMask = 2147483647;
			files = (
			);
			inputFileListPaths = (
			);
			inputPaths = (
				"${PODS_PODFILE_DIR_PATH}/Podfile.lock",
				"${PODS_ROOT}/Manifest.lock",
			);
			name = "[CP] Check Pods Manifest.lock";
			outputFileListPaths = (
			);
			outputPaths = (
				"$(DERIVED_FILE_DIR)/Pods-Access-AccessUITests-checkManifestLockResult.txt",
			);
			runOnlyForDeploymentPostprocessing = 0;
			shellPath = /bin/sh;
			shellScript = "diff \"${PODS_PODFILE_DIR_PATH}/Podfile.lock\" \"${PODS_ROOT}/Manifest.lock\" > /dev/null\nif [ $? != 0 ] ; then\n    # print error to STDERR\n    echo \"error: The sandbox is not in sync with the Podfile.lock. Run 'pod install' or update your CocoaPods installation.\" >&2\n    exit 1\nfi\n# This output is used by Xcode 'outputs' to avoid re-running this script phase.\necho \"SUCCESS\" > \"${SCRIPT_OUTPUT_FILE_0}\"\n";
			showEnvVarsInLog = 0;
		};
		395D0CD11F5C7B302985C009 /* [CP] Embed Pods Frameworks */ = {
			isa = PBXShellScriptBuildPhase;
			buildActionMask = 2147483647;
			files = (
			);
			inputFileListPaths = (
				"${PODS_ROOT}/Target Support Files/Pods-Access/Pods-Access-frameworks-${CONFIGURATION}-input-files.xcfilelist",
			);
			name = "[CP] Embed Pods Frameworks";
			outputFileListPaths = (
				"${PODS_ROOT}/Target Support Files/Pods-Access/Pods-Access-frameworks-${CONFIGURATION}-output-files.xcfilelist",
			);
			runOnlyForDeploymentPostprocessing = 0;
			shellPath = /bin/sh;
			shellScript = "\"${PODS_ROOT}/Target Support Files/Pods-Access/Pods-Access-frameworks.sh\"\n";
			showEnvVarsInLog = 0;
		};
		501304FF655B2A320AB82600 /* [CP] Check Pods Manifest.lock */ = {
			isa = PBXShellScriptBuildPhase;
			buildActionMask = 2147483647;
			files = (
			);
			inputFileListPaths = (
			);
			inputPaths = (
				"${PODS_PODFILE_DIR_PATH}/Podfile.lock",
				"${PODS_ROOT}/Manifest.lock",
			);
			name = "[CP] Check Pods Manifest.lock";
			outputFileListPaths = (
			);
			outputPaths = (
				"$(DERIVED_FILE_DIR)/Pods-Access-checkManifestLockResult.txt",
			);
			runOnlyForDeploymentPostprocessing = 0;
			shellPath = /bin/sh;
			shellScript = "diff \"${PODS_PODFILE_DIR_PATH}/Podfile.lock\" \"${PODS_ROOT}/Manifest.lock\" > /dev/null\nif [ $? != 0 ] ; then\n    # print error to STDERR\n    echo \"error: The sandbox is not in sync with the Podfile.lock. Run 'pod install' or update your CocoaPods installation.\" >&2\n    exit 1\nfi\n# This output is used by Xcode 'outputs' to avoid re-running this script phase.\necho \"SUCCESS\" > \"${SCRIPT_OUTPUT_FILE_0}\"\n";
			showEnvVarsInLog = 0;
		};
		7D9021CC777FA4DC9C7FC3E5 /* [CP] Check Pods Manifest.lock */ = {
			isa = PBXShellScriptBuildPhase;
			buildActionMask = 2147483647;
			files = (
			);
			inputFileListPaths = (
			);
			inputPaths = (
				"${PODS_PODFILE_DIR_PATH}/Podfile.lock",
				"${PODS_ROOT}/Manifest.lock",
			);
			name = "[CP] Check Pods Manifest.lock";
			outputFileListPaths = (
			);
			outputPaths = (
				"$(DERIVED_FILE_DIR)/Pods-AccessTests-checkManifestLockResult.txt",
			);
			runOnlyForDeploymentPostprocessing = 0;
			shellPath = /bin/sh;
			shellScript = "diff \"${PODS_PODFILE_DIR_PATH}/Podfile.lock\" \"${PODS_ROOT}/Manifest.lock\" > /dev/null\nif [ $? != 0 ] ; then\n    # print error to STDERR\n    echo \"error: The sandbox is not in sync with the Podfile.lock. Run 'pod install' or update your CocoaPods installation.\" >&2\n    exit 1\nfi\n# This output is used by Xcode 'outputs' to avoid re-running this script phase.\necho \"SUCCESS\" > \"${SCRIPT_OUTPUT_FILE_0}\"\n";
			showEnvVarsInLog = 0;
		};
		F9D422C5BB070DB786E60E1D /* [CP] Embed Pods Frameworks */ = {
			isa = PBXShellScriptBuildPhase;
			buildActionMask = 2147483647;
			files = (
			);
			inputFileListPaths = (
				"${PODS_ROOT}/Target Support Files/Pods-Access-AccessUITests/Pods-Access-AccessUITests-frameworks-${CONFIGURATION}-input-files.xcfilelist",
			);
			name = "[CP] Embed Pods Frameworks";
			outputFileListPaths = (
				"${PODS_ROOT}/Target Support Files/Pods-Access-AccessUITests/Pods-Access-AccessUITests-frameworks-${CONFIGURATION}-output-files.xcfilelist",
			);
			runOnlyForDeploymentPostprocessing = 0;
			shellPath = /bin/sh;
			shellScript = "\"${PODS_ROOT}/Target Support Files/Pods-Access-AccessUITests/Pods-Access-AccessUITests-frameworks.sh\"\n";
			showEnvVarsInLog = 0;
		};
/* End PBXShellScriptBuildPhase section */

/* Begin PBXSourcesBuildPhase section */
		9233CC532817585100443F6C /* Sources */ = {
			isa = PBXSourcesBuildPhase;
			buildActionMask = 2147483647;
			files = (
				D14CCBC72820F11800FD7515 /* DisplayViewController.swift in Sources */,
				9233CC5F2817585100443F6C /* ViewController.swift in Sources */,
				9233CC5B2817585100443F6C /* AppDelegate.swift in Sources */,
				9233CC8B2819E7F900443F6C /* SignUpViewController.swift in Sources */,
				9233CC5D2817585100443F6C /* SceneDelegate.swift in Sources */,
				1F2F5AED2821A5AF005A00F9 /* DisplayBuildingViewController.swift in Sources */,
			);
			runOnlyForDeploymentPostprocessing = 0;
		};
		9233CC692817585300443F6C /* Sources */ = {
			isa = PBXSourcesBuildPhase;
			buildActionMask = 2147483647;
			files = (
				9233CC722817585300443F6C /* AccessTests.swift in Sources */,
			);
			runOnlyForDeploymentPostprocessing = 0;
		};
		9233CC732817585300443F6C /* Sources */ = {
			isa = PBXSourcesBuildPhase;
			buildActionMask = 2147483647;
			files = (
				9233CC7E2817585300443F6C /* AccessUITestsLaunchTests.swift in Sources */,
				9233CC7C2817585300443F6C /* AccessUITests.swift in Sources */,
			);
			runOnlyForDeploymentPostprocessing = 0;
		};
/* End PBXSourcesBuildPhase section */

/* Begin PBXTargetDependency section */
		9233CC6F2817585300443F6C /* PBXTargetDependency */ = {
			isa = PBXTargetDependency;
			target = 9233CC562817585100443F6C /* Access */;
			targetProxy = 9233CC6E2817585300443F6C /* PBXContainerItemProxy */;
		};
		9233CC792817585300443F6C /* PBXTargetDependency */ = {
			isa = PBXTargetDependency;
			target = 9233CC562817585100443F6C /* Access */;
			targetProxy = 9233CC782817585300443F6C /* PBXContainerItemProxy */;
		};
/* End PBXTargetDependency section */

/* Begin PBXVariantGroup section */
		9233CC602817585100443F6C /* Main.storyboard */ = {
			isa = PBXVariantGroup;
			children = (
				9233CC612817585100443F6C /* Base */,
			);
			name = Main.storyboard;
			sourceTree = "<group>";
		};
		9233CC652817585300443F6C /* LaunchScreen.storyboard */ = {
			isa = PBXVariantGroup;
			children = (
				9233CC662817585300443F6C /* Base */,
			);
			name = LaunchScreen.storyboard;
			sourceTree = "<group>";
		};
/* End PBXVariantGroup section */

/* Begin XCBuildConfiguration section */
		9233CC7F2817585300443F6C /* Debug */ = {
			isa = XCBuildConfiguration;
			buildSettings = {
				ALWAYS_SEARCH_USER_PATHS = NO;
				CLANG_ANALYZER_NONNULL = YES;
				CLANG_ANALYZER_NUMBER_OBJECT_CONVERSION = YES_AGGRESSIVE;
				CLANG_CXX_LANGUAGE_STANDARD = "gnu++17";
				CLANG_ENABLE_MODULES = YES;
				CLANG_ENABLE_OBJC_ARC = YES;
				CLANG_ENABLE_OBJC_WEAK = YES;
				CLANG_WARN_BLOCK_CAPTURE_AUTORELEASING = YES;
				CLANG_WARN_BOOL_CONVERSION = YES;
				CLANG_WARN_COMMA = YES;
				CLANG_WARN_CONSTANT_CONVERSION = YES;
				CLANG_WARN_DEPRECATED_OBJC_IMPLEMENTATIONS = YES;
				CLANG_WARN_DIRECT_OBJC_ISA_USAGE = YES_ERROR;
				CLANG_WARN_DOCUMENTATION_COMMENTS = YES;
				CLANG_WARN_EMPTY_BODY = YES;
				CLANG_WARN_ENUM_CONVERSION = YES;
				CLANG_WARN_INFINITE_RECURSION = YES;
				CLANG_WARN_INT_CONVERSION = YES;
				CLANG_WARN_NON_LITERAL_NULL_CONVERSION = YES;
				CLANG_WARN_OBJC_IMPLICIT_RETAIN_SELF = YES;
				CLANG_WARN_OBJC_LITERAL_CONVERSION = YES;
				CLANG_WARN_OBJC_ROOT_CLASS = YES_ERROR;
				CLANG_WARN_QUOTED_INCLUDE_IN_FRAMEWORK_HEADER = YES;
				CLANG_WARN_RANGE_LOOP_ANALYSIS = YES;
				CLANG_WARN_STRICT_PROTOTYPES = YES;
				CLANG_WARN_SUSPICIOUS_MOVE = YES;
				CLANG_WARN_UNGUARDED_AVAILABILITY = YES_AGGRESSIVE;
				CLANG_WARN_UNREACHABLE_CODE = YES;
				CLANG_WARN__DUPLICATE_METHOD_MATCH = YES;
				COPY_PHASE_STRIP = NO;
				DEBUG_INFORMATION_FORMAT = dwarf;
				ENABLE_STRICT_OBJC_MSGSEND = YES;
				ENABLE_TESTABILITY = YES;
				GCC_C_LANGUAGE_STANDARD = gnu11;
				GCC_DYNAMIC_NO_PIC = NO;
				GCC_NO_COMMON_BLOCKS = YES;
				GCC_OPTIMIZATION_LEVEL = 0;
				GCC_PREPROCESSOR_DEFINITIONS = (
					"DEBUG=1",
					"$(inherited)",
				);
				GCC_WARN_64_TO_32_BIT_CONVERSION = YES;
				GCC_WARN_ABOUT_RETURN_TYPE = YES_ERROR;
				GCC_WARN_UNDECLARED_SELECTOR = YES;
				GCC_WARN_UNINITIALIZED_AUTOS = YES_AGGRESSIVE;
				GCC_WARN_UNUSED_FUNCTION = YES;
				GCC_WARN_UNUSED_VARIABLE = YES;
				IPHONEOS_DEPLOYMENT_TARGET = 15.4;
				MTL_ENABLE_DEBUG_INFO = INCLUDE_SOURCE;
				MTL_FAST_MATH = YES;
				ONLY_ACTIVE_ARCH = YES;
				SDKROOT = iphoneos;
				SWIFT_ACTIVE_COMPILATION_CONDITIONS = DEBUG;
				SWIFT_OPTIMIZATION_LEVEL = "-Onone";
			};
			name = Debug;
		};
		9233CC802817585300443F6C /* Release */ = {
			isa = XCBuildConfiguration;
			buildSettings = {
				ALWAYS_SEARCH_USER_PATHS = NO;
				CLANG_ANALYZER_NONNULL = YES;
				CLANG_ANALYZER_NUMBER_OBJECT_CONVERSION = YES_AGGRESSIVE;
				CLANG_CXX_LANGUAGE_STANDARD = "gnu++17";
				CLANG_ENABLE_MODULES = YES;
				CLANG_ENABLE_OBJC_ARC = YES;
				CLANG_ENABLE_OBJC_WEAK = YES;
				CLANG_WARN_BLOCK_CAPTURE_AUTORELEASING = YES;
				CLANG_WARN_BOOL_CONVERSION = YES;
				CLANG_WARN_COMMA = YES;
				CLANG_WARN_CONSTANT_CONVERSION = YES;
				CLANG_WARN_DEPRECATED_OBJC_IMPLEMENTATIONS = YES;
				CLANG_WARN_DIRECT_OBJC_ISA_USAGE = YES_ERROR;
				CLANG_WARN_DOCUMENTATION_COMMENTS = YES;
				CLANG_WARN_EMPTY_BODY = YES;
				CLANG_WARN_ENUM_CONVERSION = YES;
				CLANG_WARN_INFINITE_RECURSION = YES;
				CLANG_WARN_INT_CONVERSION = YES;
				CLANG_WARN_NON_LITERAL_NULL_CONVERSION = YES;
				CLANG_WARN_OBJC_IMPLICIT_RETAIN_SELF = YES;
				CLANG_WARN_OBJC_LITERAL_CONVERSION = YES;
				CLANG_WARN_OBJC_ROOT_CLASS = YES_ERROR;
				CLANG_WARN_QUOTED_INCLUDE_IN_FRAMEWORK_HEADER = YES;
				CLANG_WARN_RANGE_LOOP_ANALYSIS = YES;
				CLANG_WARN_STRICT_PROTOTYPES = YES;
				CLANG_WARN_SUSPICIOUS_MOVE = YES;
				CLANG_WARN_UNGUARDED_AVAILABILITY = YES_AGGRESSIVE;
				CLANG_WARN_UNREACHABLE_CODE = YES;
				CLANG_WARN__DUPLICATE_METHOD_MATCH = YES;
				COPY_PHASE_STRIP = NO;
				DEBUG_INFORMATION_FORMAT = "dwarf-with-dsym";
				ENABLE_NS_ASSERTIONS = NO;
				ENABLE_STRICT_OBJC_MSGSEND = YES;
				GCC_C_LANGUAGE_STANDARD = gnu11;
				GCC_NO_COMMON_BLOCKS = YES;
				GCC_WARN_64_TO_32_BIT_CONVERSION = YES;
				GCC_WARN_ABOUT_RETURN_TYPE = YES_ERROR;
				GCC_WARN_UNDECLARED_SELECTOR = YES;
				GCC_WARN_UNINITIALIZED_AUTOS = YES_AGGRESSIVE;
				GCC_WARN_UNUSED_FUNCTION = YES;
				GCC_WARN_UNUSED_VARIABLE = YES;
				IPHONEOS_DEPLOYMENT_TARGET = 15.4;
				MTL_ENABLE_DEBUG_INFO = NO;
				MTL_FAST_MATH = YES;
				SDKROOT = iphoneos;
				SWIFT_COMPILATION_MODE = wholemodule;
				SWIFT_OPTIMIZATION_LEVEL = "-O";
				VALIDATE_PRODUCT = YES;
			};
			name = Release;
		};
		9233CC822817585300443F6C /* Debug */ = {
			isa = XCBuildConfiguration;
			baseConfigurationReference = 39893EF05F584B8D5CB84652 /* Pods-Access.debug.xcconfig */;
			buildSettings = {
				ASSETCATALOG_COMPILER_APPICON_NAME = AppIcon;
				ASSETCATALOG_COMPILER_GLOBAL_ACCENT_COLOR_NAME = AccentColor;
				CODE_SIGN_STYLE = Automatic;
				CURRENT_PROJECT_VERSION = 1;
				DEVELOPMENT_TEAM = 4GD9KS9MLJ;
				GENERATE_INFOPLIST_FILE = YES;
				INFOPLIST_FILE = Access/Info.plist;
				INFOPLIST_KEY_UIApplicationSupportsIndirectInputEvents = YES;
				INFOPLIST_KEY_UILaunchStoryboardName = LaunchScreen;
				INFOPLIST_KEY_UIMainStoryboardFile = Main;
				INFOPLIST_KEY_UISupportedInterfaceOrientations_iPad = "UIInterfaceOrientationPortrait UIInterfaceOrientationPortraitUpsideDown UIInterfaceOrientationLandscapeLeft UIInterfaceOrientationLandscapeRight";
				INFOPLIST_KEY_UISupportedInterfaceOrientations_iPhone = "UIInterfaceOrientationPortrait UIInterfaceOrientationLandscapeLeft UIInterfaceOrientationLandscapeRight";
				LD_RUNPATH_SEARCH_PATHS = (
					"$(inherited)",
					"@executable_path/Frameworks",
				);
				MARKETING_VERSION = 1.0;
				PRODUCT_BUNDLE_IDENTIFIER = com.Ivan.Access;
				PRODUCT_NAME = "$(TARGET_NAME)";
				SWIFT_EMIT_LOC_STRINGS = YES;
				SWIFT_VERSION = 5.0;
				TARGETED_DEVICE_FAMILY = "1,2";
			};
			name = Debug;
		};
		9233CC832817585300443F6C /* Release */ = {
			isa = XCBuildConfiguration;
			baseConfigurationReference = D0643DFEA73212D337DDEF60 /* Pods-Access.release.xcconfig */;
			buildSettings = {
				ASSETCATALOG_COMPILER_APPICON_NAME = AppIcon;
				ASSETCATALOG_COMPILER_GLOBAL_ACCENT_COLOR_NAME = AccentColor;
				CODE_SIGN_STYLE = Automatic;
				CURRENT_PROJECT_VERSION = 1;
				DEVELOPMENT_TEAM = 4GD9KS9MLJ;
				GENERATE_INFOPLIST_FILE = YES;
				INFOPLIST_FILE = Access/Info.plist;
				INFOPLIST_KEY_UIApplicationSupportsIndirectInputEvents = YES;
				INFOPLIST_KEY_UILaunchStoryboardName = LaunchScreen;
				INFOPLIST_KEY_UIMainStoryboardFile = Main;
				INFOPLIST_KEY_UISupportedInterfaceOrientations_iPad = "UIInterfaceOrientationPortrait UIInterfaceOrientationPortraitUpsideDown UIInterfaceOrientationLandscapeLeft UIInterfaceOrientationLandscapeRight";
				INFOPLIST_KEY_UISupportedInterfaceOrientations_iPhone = "UIInterfaceOrientationPortrait UIInterfaceOrientationLandscapeLeft UIInterfaceOrientationLandscapeRight";
				LD_RUNPATH_SEARCH_PATHS = (
					"$(inherited)",
					"@executable_path/Frameworks",
				);
				MARKETING_VERSION = 1.0;
				PRODUCT_BUNDLE_IDENTIFIER = com.Ivan.Access;
				PRODUCT_NAME = "$(TARGET_NAME)";
				SWIFT_EMIT_LOC_STRINGS = YES;
				SWIFT_VERSION = 5.0;
				TARGETED_DEVICE_FAMILY = "1,2";
			};
			name = Release;
		};
		9233CC852817585300443F6C /* Debug */ = {
			isa = XCBuildConfiguration;
			baseConfigurationReference = CFD260B03A7B720959FF4500 /* Pods-AccessTests.debug.xcconfig */;
			buildSettings = {
				ALWAYS_EMBED_SWIFT_STANDARD_LIBRARIES = YES;
				BUNDLE_LOADER = "$(TEST_HOST)";
				CODE_SIGN_STYLE = Automatic;
				CURRENT_PROJECT_VERSION = 1;
				DEVELOPMENT_TEAM = 4GD9KS9MLJ;
				GENERATE_INFOPLIST_FILE = YES;
				IPHONEOS_DEPLOYMENT_TARGET = 15.4;
				MARKETING_VERSION = 1.0;
				PRODUCT_BUNDLE_IDENTIFIER = com.Ivan.AccessTests;
				PRODUCT_NAME = "$(TARGET_NAME)";
				SWIFT_EMIT_LOC_STRINGS = NO;
				SWIFT_VERSION = 5.0;
				TARGETED_DEVICE_FAMILY = "1,2";
				TEST_HOST = "$(BUILT_PRODUCTS_DIR)/Access.app/Access";
			};
			name = Debug;
		};
		9233CC862817585300443F6C /* Release */ = {
			isa = XCBuildConfiguration;
			baseConfigurationReference = 3A4A575A6EC518915619345C /* Pods-AccessTests.release.xcconfig */;
			buildSettings = {
				ALWAYS_EMBED_SWIFT_STANDARD_LIBRARIES = YES;
				BUNDLE_LOADER = "$(TEST_HOST)";
				CODE_SIGN_STYLE = Automatic;
				CURRENT_PROJECT_VERSION = 1;
				DEVELOPMENT_TEAM = 4GD9KS9MLJ;
				GENERATE_INFOPLIST_FILE = YES;
				IPHONEOS_DEPLOYMENT_TARGET = 15.4;
				MARKETING_VERSION = 1.0;
				PRODUCT_BUNDLE_IDENTIFIER = com.Ivan.AccessTests;
				PRODUCT_NAME = "$(TARGET_NAME)";
				SWIFT_EMIT_LOC_STRINGS = NO;
				SWIFT_VERSION = 5.0;
				TARGETED_DEVICE_FAMILY = "1,2";
				TEST_HOST = "$(BUILT_PRODUCTS_DIR)/Access.app/Access";
			};
			name = Release;
		};
		9233CC882817585300443F6C /* Debug */ = {
			isa = XCBuildConfiguration;
			baseConfigurationReference = 62A6EB6DAFC405B7F60D076B /* Pods-Access-AccessUITests.debug.xcconfig */;
			buildSettings = {
				ALWAYS_EMBED_SWIFT_STANDARD_LIBRARIES = YES;
				CODE_SIGN_STYLE = Automatic;
				CURRENT_PROJECT_VERSION = 1;
				DEVELOPMENT_TEAM = 4GD9KS9MLJ;
				GENERATE_INFOPLIST_FILE = YES;
				MARKETING_VERSION = 1.0;
				PRODUCT_BUNDLE_IDENTIFIER = com.Ivan.AccessUITests;
				PRODUCT_NAME = "$(TARGET_NAME)";
				SWIFT_EMIT_LOC_STRINGS = NO;
				SWIFT_VERSION = 5.0;
				TARGETED_DEVICE_FAMILY = "1,2";
				TEST_TARGET_NAME = Access;
			};
			name = Debug;
		};
		9233CC892817585300443F6C /* Release */ = {
			isa = XCBuildConfiguration;
			baseConfigurationReference = 6FADB05C7448D1AA8604912D /* Pods-Access-AccessUITests.release.xcconfig */;
			buildSettings = {
				ALWAYS_EMBED_SWIFT_STANDARD_LIBRARIES = YES;
				CODE_SIGN_STYLE = Automatic;
				CURRENT_PROJECT_VERSION = 1;
				DEVELOPMENT_TEAM = 4GD9KS9MLJ;
				GENERATE_INFOPLIST_FILE = YES;
				MARKETING_VERSION = 1.0;
				PRODUCT_BUNDLE_IDENTIFIER = com.Ivan.AccessUITests;
				PRODUCT_NAME = "$(TARGET_NAME)";
				SWIFT_EMIT_LOC_STRINGS = NO;
				SWIFT_VERSION = 5.0;
				TARGETED_DEVICE_FAMILY = "1,2";
				TEST_TARGET_NAME = Access;
			};
			name = Release;
		};
/* End XCBuildConfiguration section */

/* Begin XCConfigurationList section */
		9233CC522817585100443F6C /* Build configuration list for PBXProject "Access" */ = {
			isa = XCConfigurationList;
			buildConfigurations = (
				9233CC7F2817585300443F6C /* Debug */,
				9233CC802817585300443F6C /* Release */,
			);
			defaultConfigurationIsVisible = 0;
			defaultConfigurationName = Release;
		};
		9233CC812817585300443F6C /* Build configuration list for PBXNativeTarget "Access" */ = {
			isa = XCConfigurationList;
			buildConfigurations = (
				9233CC822817585300443F6C /* Debug */,
				9233CC832817585300443F6C /* Release */,
			);
			defaultConfigurationIsVisible = 0;
			defaultConfigurationName = Release;
		};
		9233CC842817585300443F6C /* Build configuration list for PBXNativeTarget "AccessTests" */ = {
			isa = XCConfigurationList;
			buildConfigurations = (
				9233CC852817585300443F6C /* Debug */,
				9233CC862817585300443F6C /* Release */,
			);
			defaultConfigurationIsVisible = 0;
			defaultConfigurationName = Release;
		};
		9233CC872817585300443F6C /* Build configuration list for PBXNativeTarget "AccessUITests" */ = {
			isa = XCConfigurationList;
			buildConfigurations = (
				9233CC882817585300443F6C /* Debug */,
				9233CC892817585300443F6C /* Release */,
			);
			defaultConfigurationIsVisible = 0;
			defaultConfigurationName = Release;
		};
/* End XCConfigurationList section */
	};
	rootObject = 9233CC4F2817585100443F6C /* Project object */;
}
